{
  "name": "webviewer-java-tomcat-sample",
  "version": "1.0.0",
  "lockfileVersion": 1,
  "requires": true,
  "dependencies": {
    "@pdftron/webviewer": {
      "version": "8.0.0",
      "resolved": "https://registry.npmjs.org/@pdftron/webviewer/-/webviewer-8.0.0.tgz",
      "integrity": "sha512-gTm3JEY6CWbIJiezEwfUWS0houHpZN0uOIpKf73en1hq6EUbJmpKNt8V2FBlxNn3YFjt+XCU62btLfZtWpWRPw==",
      "dev": true
    }
  }
}
